
Microsoft Visual Studio Solution File, Format Version 12.00
# Visual Studio Version 17
VisualStudioVersion = 17.14.36414.22
MinimumVisualStudioVersion = 10.0.40219.1
Project("{FAE04EC0-301F-11D3-BF4B-00C04F79EFBC}") = "DEMO_Practice", "DEMO_Practice\DEMO_Practice.csproj", "{09C025F6-2255-44CD-8359-9EE90C3409D6}"
EndProject
Project("{FAE04EC0-301F-11D3-BF4B-00C04F79EFBC}") = "SimpleCalculatorTest", "TestProject1\SimpleCalculatorTest.csproj", "{86409B3A-3412-4B40-B16B-103C21D6E19A}"
EndProject
Global
	GlobalSection(SolutionConfigurationPlatforms) = preSolution
		Debug|Any CPU = Debug|Any CPU
		Release|Any CPU = Release|Any CPU
	EndGlobalSection
	GlobalSection(ProjectConfigurationPlatforms) = postSolution
		{09C025F6-2255-44CD-8359-9EE90C3409D6}.Debug|Any CPU.ActiveCfg = Debug|Any CPU
		{09C025F6-2255-44CD-8359-9EE90C3409D6}.Debug|Any CPU.Build.0 = Debug|Any CPU
		{09C025F6-2255-44CD-8359-9EE90C3409D6}.Release|Any CPU.ActiveCfg = Release|Any CPU
		{09C025F6-2255-44CD-8359-9EE90C3409D6}.Release|Any CPU.Build.0 = Release|Any CPU
		{86409B3A-3412-4B40-B16B-103C21D6E19A}.Debug|Any CPU.ActiveCfg = Debug|Any CPU
		{86409B3A-3412-4B40-B16B-103C21D6E19A}.Debug|Any CPU.Build.0 = Debug|Any CPU
		{86409B3A-3412-4B40-B16B-103C21D6E19A}.Release|Any CPU.ActiveCfg = Release|Any CPU
		{86409B3A-3412-4B40-B16B-103C21D6E19A}.Release|Any CPU.Build.0 = Release|Any CPU
	EndGlobalSection
	GlobalSection(SolutionProperties) = preSolution
		HideSolutionNode = FALSE
	EndGlobalSection
	GlobalSection(ExtensibilityGlobals) = postSolution
		SolutionGuid = {036BB69B-6120-4BCD-9FFB-FD8B21F2C763}
	EndGlobalSection
EndGlobal
